
Microsoft Visual Studio Solution File, Format Version 12.00
# Visual Studio Version 16
VisualStudioVersion = 16.0.29509.3
MinimumVisualStudioVersion = 10.0.40219.1
Project("{9A19103F-16F7-4668-BE54-9A1E7A4F7556}") = "APIs", "APIs\APIs.csproj", "{A2E06F07-F941-422A-8BF2-C3A45A5EA455}"
EndProject
Project("{9A19103F-16F7-4668-BE54-9A1E7A4F7556}") = "Lookups", "Lookups\Lookups.csproj", "{0F9CD2D4-4A74-4244-BB7A-D962F7EE088B}"
EndProject
Project("{9A19103F-16F7-4668-BE54-9A1E7A4F7556}") = "Lookups.DAL", "Lookups.DAL\Lookups.DAL.csproj", "{25A0AD32-45A1-4CDD-AB81-AABE0339E2D8}"
EndProject
Project("{9A19103F-16F7-4668-BE54-9A1E7A4F7556}") = "Lookups.Model", "Lookups.Model\Lookups.Model.csproj", "{06C6A1D3-1742-44D7-B3AD-4F6221C5EB5D}"
EndProject
Project("{FAE04EC0-301F-11D3-BF4B-00C04F79EFBC}") = "API.Model", "API.Model\API.Model.csproj", "{BA1CC805-F9FE-431C-938E-07DE902FDD90}"
EndProject
Project("{FAE04EC0-301F-11D3-BF4B-00C04F79EFBC}") = "API.DAL", "API.DAL\API.DAL.csproj", "{6A5DA03D-05E8-491D-8CEB-26454474EC9A}"
EndProject
Global
	GlobalSection(SolutionConfigurationPlatforms) = preSolution
		Debug|Any CPU = Debug|Any CPU
		Release|Any CPU = Release|Any CPU
	EndGlobalSection
	GlobalSection(ProjectConfigurationPlatforms) = postSolution
		{A2E06F07-F941-422A-8BF2-C3A45A5EA455}.Debug|Any CPU.ActiveCfg = Debug|Any CPU
		{A2E06F07-F941-422A-8BF2-C3A45A5EA455}.Debug|Any CPU.Build.0 = Debug|Any CPU
		{A2E06F07-F941-422A-8BF2-C3A45A5EA455}.Release|Any CPU.ActiveCfg = Release|Any CPU
		{A2E06F07-F941-422A-8BF2-C3A45A5EA455}.Release|Any CPU.Build.0 = Release|Any CPU
		{0F9CD2D4-4A74-4244-BB7A-D962F7EE088B}.Debug|Any CPU.ActiveCfg = Debug|Any CPU
		{0F9CD2D4-4A74-4244-BB7A-D962F7EE088B}.Debug|Any CPU.Build.0 = Debug|Any CPU
		{0F9CD2D4-4A74-4244-BB7A-D962F7EE088B}.Release|Any CPU.ActiveCfg = Release|Any CPU
		{0F9CD2D4-4A74-4244-BB7A-D962F7EE088B}.Release|Any CPU.Build.0 = Release|Any CPU
		{25A0AD32-45A1-4CDD-AB81-AABE0339E2D8}.Debug|Any CPU.ActiveCfg = Debug|Any CPU
		{25A0AD32-45A1-4CDD-AB81-AABE0339E2D8}.Debug|Any CPU.Build.0 = Debug|Any CPU
		{25A0AD32-45A1-4CDD-AB81-AABE0339E2D8}.Release|Any CPU.ActiveCfg = Release|Any CPU
		{25A0AD32-45A1-4CDD-AB81-AABE0339E2D8}.Release|Any CPU.Build.0 = Release|Any CPU
		{06C6A1D3-1742-44D7-B3AD-4F6221C5EB5D}.Debug|Any CPU.ActiveCfg = Debug|Any CPU
		{06C6A1D3-1742-44D7-B3AD-4F6221C5EB5D}.Debug|Any CPU.Build.0 = Debug|Any CPU
		{06C6A1D3-1742-44D7-B3AD-4F6221C5EB5D}.Release|Any CPU.ActiveCfg = Release|Any CPU
		{06C6A1D3-1742-44D7-B3AD-4F6221C5EB5D}.Release|Any CPU.Build.0 = Release|Any CPU
		{BA1CC805-F9FE-431C-938E-07DE902FDD90}.Debug|Any CPU.ActiveCfg = Debug|Any CPU
		{BA1CC805-F9FE-431C-938E-07DE902FDD90}.Debug|Any CPU.Build.0 = Debug|Any CPU
		{BA1CC805-F9FE-431C-938E-07DE902FDD90}.Release|Any CPU.ActiveCfg = Release|Any CPU
		{BA1CC805-F9FE-431C-938E-07DE902FDD90}.Release|Any CPU.Build.0 = Release|Any CPU
		{6A5DA03D-05E8-491D-8CEB-26454474EC9A}.Debug|Any CPU.ActiveCfg = Debug|Any CPU
		{6A5DA03D-05E8-491D-8CEB-26454474EC9A}.Debug|Any CPU.Build.0 = Debug|Any CPU
		{6A5DA03D-05E8-491D-8CEB-26454474EC9A}.Release|Any CPU.ActiveCfg = Release|Any CPU
		{6A5DA03D-05E8-491D-8CEB-26454474EC9A}.Release|Any CPU.Build.0 = Release|Any CPU
	EndGlobalSection
	GlobalSection(SolutionProperties) = preSolution
		HideSolutionNode = FALSE
	EndGlobalSection
	GlobalSection(ExtensibilityGlobals) = postSolution
		SolutionGuid = {5378876F-8349-4B15-A670-1E064BACD1A1}
	EndGlobalSection
EndGlobal
